
Microsoft Visual Studio Solution File, Format Version 12.00
# Visual Studio Version 17
VisualStudioVersion = 17.2.32526.322
MinimumVisualStudioVersion = 10.0.40219.1
Project("{8BC9CEB8-8B4A-11D0-8D11-00A0C91BC942}") = "FP_08_01 (1)", "FP_08_01 (1)\FP_08_01 (1).vcxproj", "{FA899055-8C33-4E16-833C-749F0ED92AB5}"
EndProject
Global
	GlobalSection(SolutionConfigurationPlatforms) = preSolution
		Debug|x64 = Debug|x64
		Debug|x86 = Debug|x86
		Release|x64 = Release|x64
		Release|x86 = Release|x86
	EndGlobalSection
	GlobalSection(ProjectConfigurationPlatforms) = postSolution
		{FA899055-8C33-4E16-833C-749F0ED92AB5}.Debug|x64.ActiveCfg = Debug|x64
		{FA899055-8C33-4E16-833C-749F0ED92AB5}.Debug|x64.Build.0 = Debug|x64
		{FA899055-8C33-4E16-833C-749F0ED92AB5}.Debug|x86.ActiveCfg = Debug|Win32
		{FA899055-8C33-4E16-833C-749F0ED92AB5}.Debug|x86.Build.0 = Debug|Win32
		{FA899055-8C33-4E16-833C-749F0ED92AB5}.Release|x64.ActiveCfg = Release|x64
		{FA899055-8C33-4E16-833C-749F0ED92AB5}.Release|x64.Build.0 = Release|x64
		{FA899055-8C33-4E16-833C-749F0ED92AB5}.Release|x86.ActiveCfg = Release|Win32
		{FA899055-8C33-4E16-833C-749F0ED92AB5}.Release|x86.Build.0 = Release|Win32
	EndGlobalSection
	GlobalSection(SolutionProperties) = preSolution
		HideSolutionNode = FALSE
	EndGlobalSection
	GlobalSection(ExtensibilityGlobals) = postSolution
		SolutionGuid = {A24EBC74-8BF0-494E-9EAA-F31283FD7EAE}
	EndGlobalSection
EndGlobal
